
Microsoft Visual Studio Solution File, Format Version 12.00
# Visual Studio 15
VisualStudioVersion = 15.0.28307.902
MinimumVisualStudioVersion = 10.0.40219.1
Project("{FAE04EC0-301F-11D3-BF4B-00C04F79EFBC}") = "DCP-4", "DCP-4\DCP-4.csproj", "{8EB6BB94-C352-4D74-A56E-419C2CB76123}"
EndProject
Global
	GlobalSection(SolutionConfigurationPlatforms) = preSolution
		Debug|Any CPU = Debug|Any CPU
		Release|Any CPU = Release|Any CPU
	EndGlobalSection
	GlobalSection(ProjectConfigurationPlatforms) = postSolution
		{8EB6BB94-C352-4D74-A56E-419C2CB76123}.Debug|Any CPU.ActiveCfg = Debug|Any CPU
		{8EB6BB94-C352-4D74-A56E-419C2CB76123}.Debug|Any CPU.Build.0 = Debug|Any CPU
		{8EB6BB94-C352-4D74-A56E-419C2CB76123}.Release|Any CPU.ActiveCfg = Release|Any CPU
		{8EB6BB94-C352-4D74-A56E-419C2CB76123}.Release|Any CPU.Build.0 = Release|Any CPU
	EndGlobalSection
	GlobalSection(SolutionProperties) = preSolution
		HideSolutionNode = FALSE
	EndGlobalSection
	GlobalSection(ExtensibilityGlobals) = postSolution
		SolutionGuid = {5F5FC77D-95E4-40E4-ACA4-8C865ADB1E8B}
	EndGlobalSection
EndGlobal
